
Microsoft Visual Studio Solution File, Format Version 12.00
# Visual Studio Version 16
VisualStudioVersion = 16.0.29519.181
MinimumVisualStudioVersion = 10.0.40219.1
Project("{9A19103F-16F7-4668-BE54-9A1E7A4F7556}") = "TheInternet.Common", "TheInternet.Common\TheInternet.Common.csproj", "{97E17B18-E3C3-420D-B951-5900503135E3}"
EndProject
Project("{9A19103F-16F7-4668-BE54-9A1E7A4F7556}") = "TheInternet.SystemTests.Raw", "TheInternet.SystemTests.Raw\TheInternet.SystemTests.Raw.csproj", "{6A82F996-5A4B-48A4-B4FB-A661C4AEA9F7}"
EndProject
Project("{FAE04EC0-301F-11D3-BF4B-00C04F79EFBC}") = "TheInternet.Common.UnitTests", "TheInternet.Common.UnitTests\TheInternet.Common.UnitTests.csproj", "{8FF0B0A7-F5C5-42EF-BC35-76F3D4A03869}"
EndProject
Global
	GlobalSection(SolutionConfigurationPlatforms) = preSolution
		Debug|Any CPU = Debug|Any CPU
		Release|Any CPU = Release|Any CPU
	EndGlobalSection
	GlobalSection(ProjectConfigurationPlatforms) = postSolution
		{97E17B18-E3C3-420D-B951-5900503135E3}.Debug|Any CPU.ActiveCfg = Debug|Any CPU
		{97E17B18-E3C3-420D-B951-5900503135E3}.Debug|Any CPU.Build.0 = Debug|Any CPU
		{97E17B18-E3C3-420D-B951-5900503135E3}.Release|Any CPU.ActiveCfg = Release|Any CPU
		{97E17B18-E3C3-420D-B951-5900503135E3}.Release|Any CPU.Build.0 = Release|Any CPU
		{6A82F996-5A4B-48A4-B4FB-A661C4AEA9F7}.Debug|Any CPU.ActiveCfg = Debug|Any CPU
		{6A82F996-5A4B-48A4-B4FB-A661C4AEA9F7}.Debug|Any CPU.Build.0 = Debug|Any CPU
		{6A82F996-5A4B-48A4-B4FB-A661C4AEA9F7}.Release|Any CPU.ActiveCfg = Release|Any CPU
		{6A82F996-5A4B-48A4-B4FB-A661C4AEA9F7}.Release|Any CPU.Build.0 = Release|Any CPU
		{8FF0B0A7-F5C5-42EF-BC35-76F3D4A03869}.Debug|Any CPU.ActiveCfg = Debug|Any CPU
		{8FF0B0A7-F5C5-42EF-BC35-76F3D4A03869}.Debug|Any CPU.Build.0 = Debug|Any CPU
		{8FF0B0A7-F5C5-42EF-BC35-76F3D4A03869}.Release|Any CPU.ActiveCfg = Release|Any CPU
		{8FF0B0A7-F5C5-42EF-BC35-76F3D4A03869}.Release|Any CPU.Build.0 = Release|Any CPU
	EndGlobalSection
	GlobalSection(SolutionProperties) = preSolution
		HideSolutionNode = FALSE
	EndGlobalSection
	GlobalSection(ExtensibilityGlobals) = postSolution
		SolutionGuid = {88234FC9-1D08-43A8-8153-9E35F72E72D2}
	EndGlobalSection
EndGlobal
